{
  "name": "skellycam-tauri-nuxt-app",
  "lockfileVersion": 3,
  "requires": true,
  "packages": {
    "": {
      "name": "skellycam-tauri-nuxt-app",
      "hasInstallScript": true,
      "dependencies": {
        "@tauri-apps/api": "^1.5.3"
      },
      "devDependencies": {
        "@tauri-apps/cli": "^1.5.11"
      }
    },
    "node_modules/@tauri-apps/api": {
      "version": "1.5.6",
      "resolved": "https://registry.npmjs.org/@tauri-apps/api/-/api-1.5.6.tgz",
      "integrity": "sha512-LH5ToovAHnDVe5Qa9f/+jW28I6DeMhos8bNDtBOmmnaDpPmJmYLyHdeDblAWWWYc7KKRDg9/66vMuKyq0WIeFA==",
      "engines": {
        "node": ">= 14.6.0",
        "npm": ">= 6.6.0",
        "yarn": ">= 1.19.1"
      },
      "funding": {
        "type": "opencollective",
        "url": "https://opencollective.com/tauri"
      }
    },
    "node_modules/@tauri-apps/cli": {
      "version": "1.5.14",
      "resolved": "https://registry.npmjs.org/@tauri-apps/cli/-/cli-1.5.14.tgz",
      "integrity": "sha512-JOSMKymlg116UdEXSj69eg5p1OtZnQkUE0qIGbtNDO1sk3X/KgBN6+oHBW0BzPStp/W0AjBgrMWCqjHPwEpOug==",
      "dev": true,
      "bin": {
        "tauri": "tauri.js"
      },
      "engines": {
        "node": ">= 10"
      },
      "funding": {
        "type": "opencollective",
        "url": "https://opencollective.com/tauri"
      },
      "optionalDependencies": {
        "@tauri-apps/cli-darwin-arm64": "1.5.14",
        "@tauri-apps/cli-darwin-x64": "1.5.14",
        "@tauri-apps/cli-linux-arm-gnueabihf": "1.5.14",
        "@tauri-apps/cli-linux-arm64-gnu": "1.5.14",
        "@tauri-apps/cli-linux-arm64-musl": "1.5.14",
        "@tauri-apps/cli-linux-x64-gnu": "1.5.14",
        "@tauri-apps/cli-linux-x64-musl": "1.5.14",
        "@tauri-apps/cli-win32-arm64-msvc": "1.5.14",
        "@tauri-apps/cli-win32-ia32-msvc": "1.5.14",
        "@tauri-apps/cli-win32-x64-msvc": "1.5.14"
      }
    },
    "node_modules/@tauri-apps/cli-win32-x64-msvc": {
      "version": "1.5.14",
      "resolved": "https://registry.npmjs.org/@tauri-apps/cli-win32-x64-msvc/-/cli-win32-x64-msvc-1.5.14.tgz",
      "integrity": "sha512-U0slee5tNM2PYECBpPHavLSwkT3szGMZ+qhcikQQbDan84bQdLn/kHWjyXOgLJs4KSve4+KxcrN+AVqj0VyHnw==",
      "cpu": [
        "x64"
      ],
      "dev": true,
      "optional": true,
      "os": [
        "win32"
      ],
      "engines": {
        "node": ">= 10"
      }
    }
  }
}
